{
  "name": "@shauray03/common",
  "version": "1.0.1",
  "lockfileVersion": 3,
  "requires": true,
  "packages": {
    "": {
      "name": "@shauray03/common",
      "version": "1.0.1",
      "license": "ISC",
      "dependencies": {
        "@shauray03/common": "^1.0.1",
        "zod": "^3.23.8"
      }
    },
    "node_modules/@shauray03/common": {
      "version": "1.0.1",
      "resolved": "https://registry.npmjs.org/@shauray03/common/-/common-1.0.1.tgz",
      "integrity": "sha512-tcjBRt8NtUu6lEvd8KN3xHa8SSoZ9oSjtP4jNZkZV/LVP58KMgr0NconhMPZiXIY//AHsYUwsUf3jo7UKChszw==",
      "dependencies": {
        "zod": "^3.23.8"
      }
    },
    "node_modules/zod": {
      "version": "3.23.8",
      "resolved": "https://registry.npmjs.org/zod/-/zod-3.23.8.tgz",
      "integrity": "sha512-XBx9AXhXktjUqnepgTiE5flcKIYWi/rme0Eaj+5Y0lftuGBq+jyRu/md4WnuxqgP1ubdpNCsYEYPxrzVHD8d6g==",
      "funding": {
        "url": "https://github.com/sponsors/colinhacks"
      }
    }
  }
}
